
Microsoft Visual Studio Solution File, Format Version 12.00
Project("{2150E333-8FDC-42A3-9474-1A3956D46DE8}") = "src", "src", "{A4791DBC-B878-49EA-BDD5-EFC5CDF167B5}"
EndProject
Project("{2150E333-8FDC-42A3-9474-1A3956D46DE8}") = "test", "test", "{1987D3C0-9C72-49F7-A3B1-981292DFC60C}"
EndProject
Project("{FAE04EC0-301F-11D3-BF4B-00C04F79EFBC}") = "QualValorCrypto.Dominio", "QualValorCrypto.Dominio\QualValorCrypto.Dominio.csproj", "{35AB4DEA-7099-4DB0-A8A8-E12CE4E07DD1}"
EndProject
Project("{FAE04EC0-301F-11D3-BF4B-00C04F79EFBC}") = "QualValorCrypto.Aplicacao", "QualValorCrypto.Aplicacao\QualValorCrypto.Aplicacao.csproj", "{FE5C7E7B-C5DC-4EE4-9B0B-EA7E094E7F29}"
EndProject
Project("{FAE04EC0-301F-11D3-BF4B-00C04F79EFBC}") = "QualValorCrypto.API", "QualValorCrypto.API\QualValorCrypto.API.csproj", "{1C60743A-1A03-46DE-8B25-FB5242924636}"
EndProject
Project("{FAE04EC0-301F-11D3-BF4B-00C04F79EFBC}") = "QualValorCrypto.Infra", "QualValorCrypto.Infra\QualValorCrypto.Infra.csproj", "{36919B1D-84B4-44C8-8A67-4DDD1DAED17D}"
EndProject
Project("{FAE04EC0-301F-11D3-BF4B-00C04F79EFBC}") = "QualValorCrypto.Worker.Consumidor", "QualValorCrypto.Worker.Consumidor\QualValorCrypto.Worker.Consumidor.csproj", "{02039FEC-7EBF-458F-B308-39E633AA8D80}"
EndProject
Project("{FAE04EC0-301F-11D3-BF4B-00C04F79EFBC}") = "QualValorCrypto.Worker.Produtor", "QualValorCrypto.Worker.Produtor\QualValorCrypto.Worker.Produtor.csproj", "{F5B75028-549C-4BCA-8FAC-A9E54B18E453}"
EndProject
Project("{FAE04EC0-301F-11D3-BF4B-00C04F79EFBC}") = "QualValorCrypto.TesteDeUnidade", "QualValorCrypto.TesteDeUnidade\QualValorCrypto.TesteDeUnidade.csproj", "{0243EF1B-3D0B-47E8-AD9A-768B1D3B9236}"
EndProject
Global
	GlobalSection(SolutionConfigurationPlatforms) = preSolution
		Debug|Any CPU = Debug|Any CPU
		Release|Any CPU = Release|Any CPU
	EndGlobalSection
	GlobalSection(NestedProjects) = preSolution
		{35AB4DEA-7099-4DB0-A8A8-E12CE4E07DD1} = {A4791DBC-B878-49EA-BDD5-EFC5CDF167B5}
		{FE5C7E7B-C5DC-4EE4-9B0B-EA7E094E7F29} = {A4791DBC-B878-49EA-BDD5-EFC5CDF167B5}
		{1C60743A-1A03-46DE-8B25-FB5242924636} = {A4791DBC-B878-49EA-BDD5-EFC5CDF167B5}
		{36919B1D-84B4-44C8-8A67-4DDD1DAED17D} = {A4791DBC-B878-49EA-BDD5-EFC5CDF167B5}
		{02039FEC-7EBF-458F-B308-39E633AA8D80} = {A4791DBC-B878-49EA-BDD5-EFC5CDF167B5}
		{F5B75028-549C-4BCA-8FAC-A9E54B18E453} = {A4791DBC-B878-49EA-BDD5-EFC5CDF167B5}
		{0243EF1B-3D0B-47E8-AD9A-768B1D3B9236} = {1987D3C0-9C72-49F7-A3B1-981292DFC60C}
	EndGlobalSection
	GlobalSection(ProjectConfigurationPlatforms) = postSolution
		{35AB4DEA-7099-4DB0-A8A8-E12CE4E07DD1}.Debug|Any CPU.ActiveCfg = Debug|Any CPU
		{35AB4DEA-7099-4DB0-A8A8-E12CE4E07DD1}.Debug|Any CPU.Build.0 = Debug|Any CPU
		{35AB4DEA-7099-4DB0-A8A8-E12CE4E07DD1}.Release|Any CPU.ActiveCfg = Release|Any CPU
		{35AB4DEA-7099-4DB0-A8A8-E12CE4E07DD1}.Release|Any CPU.Build.0 = Release|Any CPU
		{FE5C7E7B-C5DC-4EE4-9B0B-EA7E094E7F29}.Debug|Any CPU.ActiveCfg = Debug|Any CPU
		{FE5C7E7B-C5DC-4EE4-9B0B-EA7E094E7F29}.Debug|Any CPU.Build.0 = Debug|Any CPU
		{FE5C7E7B-C5DC-4EE4-9B0B-EA7E094E7F29}.Release|Any CPU.ActiveCfg = Release|Any CPU
		{FE5C7E7B-C5DC-4EE4-9B0B-EA7E094E7F29}.Release|Any CPU.Build.0 = Release|Any CPU
		{1C60743A-1A03-46DE-8B25-FB5242924636}.Debug|Any CPU.ActiveCfg = Debug|Any CPU
		{1C60743A-1A03-46DE-8B25-FB5242924636}.Debug|Any CPU.Build.0 = Debug|Any CPU
		{1C60743A-1A03-46DE-8B25-FB5242924636}.Release|Any CPU.ActiveCfg = Release|Any CPU
		{1C60743A-1A03-46DE-8B25-FB5242924636}.Release|Any CPU.Build.0 = Release|Any CPU
		{36919B1D-84B4-44C8-8A67-4DDD1DAED17D}.Debug|Any CPU.ActiveCfg = Debug|Any CPU
		{36919B1D-84B4-44C8-8A67-4DDD1DAED17D}.Debug|Any CPU.Build.0 = Debug|Any CPU
		{36919B1D-84B4-44C8-8A67-4DDD1DAED17D}.Release|Any CPU.ActiveCfg = Release|Any CPU
		{36919B1D-84B4-44C8-8A67-4DDD1DAED17D}.Release|Any CPU.Build.0 = Release|Any CPU
		{02039FEC-7EBF-458F-B308-39E633AA8D80}.Debug|Any CPU.ActiveCfg = Debug|Any CPU
		{02039FEC-7EBF-458F-B308-39E633AA8D80}.Debug|Any CPU.Build.0 = Debug|Any CPU
		{02039FEC-7EBF-458F-B308-39E633AA8D80}.Release|Any CPU.ActiveCfg = Release|Any CPU
		{02039FEC-7EBF-458F-B308-39E633AA8D80}.Release|Any CPU.Build.0 = Release|Any CPU
		{F5B75028-549C-4BCA-8FAC-A9E54B18E453}.Debug|Any CPU.ActiveCfg = Debug|Any CPU
		{F5B75028-549C-4BCA-8FAC-A9E54B18E453}.Debug|Any CPU.Build.0 = Debug|Any CPU
		{F5B75028-549C-4BCA-8FAC-A9E54B18E453}.Release|Any CPU.ActiveCfg = Release|Any CPU
		{F5B75028-549C-4BCA-8FAC-A9E54B18E453}.Release|Any CPU.Build.0 = Release|Any CPU
		{0243EF1B-3D0B-47E8-AD9A-768B1D3B9236}.Debug|Any CPU.ActiveCfg = Debug|Any CPU
		{0243EF1B-3D0B-47E8-AD9A-768B1D3B9236}.Debug|Any CPU.Build.0 = Debug|Any CPU
		{0243EF1B-3D0B-47E8-AD9A-768B1D3B9236}.Release|Any CPU.ActiveCfg = Release|Any CPU
		{0243EF1B-3D0B-47E8-AD9A-768B1D3B9236}.Release|Any CPU.Build.0 = Release|Any CPU
	EndGlobalSection
EndGlobal
